// !$*UTF8*$!
{
	archiveVersion = 1;
	classes = {
	};
	objectVersion = 50;
	objects = {

/* Begin PBXBuildFile section */
		DF31C896217581D9004BD98E /* AppDelegate.swift in Sources */ = {isa = PBXBuildFile; fileRef = DF31C895217581D9004BD98E /* AppDelegate.swift */; };
		DF31C898217581D9004BD98E /* ViewController.swift in Sources */ = {isa = PBXBuildFile; fileRef = DF31C897217581D9004BD98E /* ViewController.swift */; };
		DF31C89B217581D9004BD98E /* Main.storyboard in Resources */ = {isa = PBXBuildFile; fileRef = DF31C899217581D9004BD98E /* Main.storyboard */; };
		DF31C89D217581DE004BD98E /* Assets.xcassets in Resources */ = {isa = PBXBuildFile; fileRef = DF31C89C217581DE004BD98E /* Assets.xcassets */; };
		DF31C8A0217581DE004BD98E /* LaunchScreen.storyboard in Resources */ = {isa = PBXBuildFile; fileRef = DF31C89E217581DE004BD98E /* LaunchScreen.storyboard */; };
		DF31C8A8217587FB004BD98E /* MarqueeImage.swift in Sources */ = {isa = PBXBuildFile; fileRef = DF31C8A7217587FB004BD98E /* MarqueeImage.swift */; };
		DF31C8AB2175943D004BD98E /* MarqueeLabel.swift in Sources */ = {isa = PBXBuildFile; fileRef = DF31C8AA2175943D004BD98E /* MarqueeLabel.swift */; };
/* End PBXBuildFile section */

/* Begin PBXFileReference section */
		DF31C895217581D9004BD98E /* AppDelegate.swift */ = {isa = PBXFileReference; lastKnownFileType = sourcecode.swift; path = AppDelegate.swift; sourceTree = "<group>"; };
		DF31C897217581D9004BD98E /* ViewController.swift */ = {isa = PBXFileReference; lastKnownFileType = sourcecode.swift; path = ViewController.swift; sourceTree = "<group>"; };
		DF31C89A217581D9004BD98E /* Base */ = {isa = PBXFileReference; lastKnownFileType = file.storyboard; name = Base; path = Base.lproj/Main.storyboard; sourceTree = "<group>"; };
		DF31C89C217581DE004BD98E /* Assets.xcassets */ = {isa = PBXFileReference; lastKnownFileType = folder.assetcatalog; path = Assets.xcassets; sourceTree = "<group>"; };
		DF31C89F217581DE004BD98E /* Base */ = {isa = PBXFileReference; lastKnownFileType = file.storyboard; name = Base; path = Base.lproj/LaunchScreen.storyboard; sourceTree = "<group>"; };
		DF31C8A1217581DE004BD98E /* Info.plist */ = {isa = PBXFileReference; lastKnownFileType = text.plist.xml; path = Info.plist; sourceTree = "<group>"; };
		DF31C8A7217587FB004BD98E /* MarqueeImage.swift */ = {isa = PBXFileReference; lastKnownFileType = sourcecode.swift; path = MarqueeImage.swift; sourceTree = "<group>"; };
		DF31C8A921759205004BD98E /* MarqueeBanner.app */ = {isa = PBXFileReference; explicitFileType = wrapper.application; includeInIndex = 0; path = MarqueeBanner.app; sourceTree = BUILT_PRODUCTS_DIR; };
		DF31C8AA2175943D004BD98E /* MarqueeLabel.swift */ = {isa = PBXFileReference; lastKnownFileType = sourcecode.swift; path = MarqueeLabel.swift; sourceTree = "<group>"; };
/* End PBXFileReference section */

/* Begin PBXFrameworksBuildPhase section */
		DF31C88F217581D9004BD98E /* Frameworks */ = {
			isa = PBXFrameworksBuildPhase;
			buildActionMask = 2147483647;
			files = (
			);
			runOnlyForDeploymentPostprocessing = 0;
		};
/* End PBXFrameworksBuildPhase section */

/* Begin PBXGroup section */
		DF31C889217581D9004BD98E = {
			isa = PBXGroup;
			children = (
				DF31C894217581D9004BD98E /* MarqueeBanner */,
				DF31C8A921759205004BD98E /* MarqueeBanner.app */,
			);
			sourceTree = "<group>";
		};
		DF31C894217581D9004BD98E /* MarqueeBanner */ = {
			isa = PBXGroup;
			children = (
				DF31C895217581D9004BD98E /* AppDelegate.swift */,
				DF31C897217581D9004BD98E /* ViewController.swift */,
				DF31C899217581D9004BD98E /* Main.storyboard */,
				DF31C89C217581DE004BD98E /* Assets.xcassets */,
				DF31C89E217581DE004BD98E /* LaunchScreen.storyboard */,
				DF31C8A1217581DE004BD98E /* Info.plist */,
				DF31C8A7217587FB004BD98E /* MarqueeImage.swift */,
				DF31C8AA2175943D004BD98E /* MarqueeLabel.swift */,
			);
			path = MarqueeBanner;
			sourceTree = "<group>";
		};
/* End PBXGroup section */

/* Begin PBXNativeTarget section */
		DF31C891217581D9004BD98E /* MarqueeBanner */ = {
			isa = PBXNativeTarget;
			buildConfigurationList = DF31C8A4217581DE004BD98E /* Build configuration list for PBXNativeTarget "MarqueeBanner" */;
			buildPhases = (
				DF31C88E217581D9004BD98E /* Sources */,
				DF31C88F217581D9004BD98E /* Frameworks */,
				DF31C890217581D9004BD98E /* Resources */,
			);
			buildRules = (
			);
			dependencies = (
			);
			name = MarqueeBanner;
			productName = MarqueeBanner;
			productReference = DF31C8A921759205004BD98E /* MarqueeBanner.app */;
			productType = "com.apple.product-type.application";
		};
/* End PBXNativeTarget section */

/* Begin PBXProject section */
		DF31C88A217581D9004BD98E /* Project object */ = {
			isa = PBXProject;
			attributes = {
				LastSwiftUpdateCheck = 1000;
				LastUpgradeCheck = 1000;
				ORGANIZATIONNAME = john.lin;
				TargetAttributes = {
					DF31C891217581D9004BD98E = {
						CreatedOnToolsVersion = 10.0;
					};
				};
			};
			buildConfigurationList = DF31C88D217581D9004BD98E /* Build configuration list for PBXProject "MarqueeBanner" */;
			compatibilityVersion = "Xcode 9.3";
			developmentRegion = en;
			hasScannedForEncodings = 0;
			knownRegions = (
				en,
				Base,
			);
			mainGroup = DF31C889217581D9004BD98E;
			productRefGroup = DF31C889217581D9004BD98E;
			projectDirPath = "";
			projectRoot = "";
			targets = (
				DF31C891217581D9004BD98E /* MarqueeBanner */,
			);
		};
/* End PBXProject section */

/* Begin PBXResourcesBuildPhase section */
		DF31C890217581D9004BD98E /* Resources */ = {
			isa = PBXResourcesBuildPhase;
			buildActionMask = 2147483647;
			files = (
				DF31C8A0217581DE004BD98E /* LaunchScreen.storyboard in Resources */,
				DF31C89D217581DE004BD98E /* Assets.xcassets in Resources */,
				DF31C89B217581D9004BD98E /* Main.storyboard in Resources */,
			);
			runOnlyForDeploymentPostprocessing = 0;
		};
/* End PBXResourcesBuildPhase section */

/* Begin PBXSourcesBuildPhase section */
		DF31C88E217581D9004BD98E /* Sources */ = {
			isa = PBXSourcesBuildPhase;
			buildActionMask = 2147483647;
			files = (
				DF31C898217581D9004BD98E /* ViewController.swift in Sources */,
				DF31C8AB2175943D004BD98E /* MarqueeLabel.swift in Sources */,
				DF31C896217581D9004BD98E /* AppDelegate.swift in Sources */,
				DF31C8A8217587FB004BD98E /* MarqueeImage.swift in Sources */,
			);
			runOnlyForDeploymentPostprocessing = 0;
		};
/* End PBXSourcesBuildPhase section */

/* Begin PBXVariantGroup section */
		DF31C899217581D9004BD98E /* Main.storyboard */ = {
			isa = PBXVariantGroup;
			children = (
				DF31C89A217581D9004BD98E /* Base */,
			);
			name = Main.storyboard;
			sourceTree = "<group>";
		};
		DF31C89E217581DE004BD98E /* LaunchScreen.storyboard */ = {
			isa = PBXVariantGroup;
			children = (
				DF31C89F217581DE004BD98E /* Base */,
			);
			name = LaunchScreen.storyboard;
			sourceTree = "<group>";
		};
/* End PBXVariantGroup section */

/* Begin XCBuildConfiguration section */
		DF31C8A2217581DE004BD98E /* Debug */ = {
			isa = XCBuildConfiguration;
			buildSettings = {
				ALWAYS_SEARCH_USER_PATHS = NO;
				CLANG_ANALYZER_NONNULL = YES;
				CLANG_ANALYZER_NUMBER_OBJECT_CONVERSION = YES_AGGRESSIVE;
				CLANG_CXX_LANGUAGE_STANDARD = "gnu++14";
				CLANG_CXX_LIBRARY = "libc++";
				CLANG_ENABLE_MODULES = YES;
				CLANG_ENABLE_OBJC_ARC = YES;
				CLANG_ENABLE_OBJC_WEAK = YES;
				CLANG_WARN_BLOCK_CAPTURE_AUTORELEASING = YES;
				CLANG_WARN_BOOL_CONVERSION = YES;
				CLANG_WARN_COMMA = YES;
				CLANG_WARN_CONSTANT_CONVERSION = YES;
				CLANG_WARN_DEPRECATED_OBJC_IMPLEMENTATIONS = YES;
				CLANG_WARN_DIRECT_OBJC_ISA_USAGE = YES_ERROR;
				CLANG_WARN_DOCUMENTATION_COMMENTS = YES;
				CLANG_WARN_EMPTY_BODY = YES;
				CLANG_WARN_ENUM_CONVERSION = YES;
				CLANG_WARN_INFINITE_RECURSION = YES;
				CLANG_WARN_INT_CONVERSION = YES;
				CLANG_WARN_NON_LITERAL_NULL_CONVERSION = YES;
				CLANG_WARN_OBJC_IMPLICIT_RETAIN_SELF = YES;
				CLANG_WARN_OBJC_LITERAL_CONVERSION = YES;
				CLANG_WARN_OBJC_ROOT_CLASS = YES_ERROR;
				CLANG_WARN_RANGE_LOOP_ANALYSIS = YES;
				CLANG_WARN_STRICT_PROTOTYPES = YES;
				CLANG_WARN_SUSPICIOUS_MOVE = YES;
				CLANG_WARN_UNGUARDED_AVAILABILITY = YES_AGGRESSIVE;
				CLANG_WARN_UNREACHABLE_CODE = YES;
				CLANG_WARN__DUPLICATE_METHOD_MATCH = YES;
				CODE_SIGN_IDENTITY = "iPhone Developer";
				COPY_PHASE_STRIP = NO;
				DEBUG_INFORMATION_FORMAT = dwarf;
				ENABLE_STRICT_OBJC_MSGSEND = YES;
				ENABLE_TESTABILITY = YES;
				GCC_C_LANGUAGE_STANDARD = gnu11;
				GCC_DYNAMIC_NO_PIC = NO;
				GCC_NO_COMMON_BLOCKS = YES;
				GCC_OPTIMIZATION_LEVEL = 0;
				GCC_PREPROCESSOR_DEFINITIONS = (
					"DEBUG=1",
					"$(inherited)",
				);
				GCC_WARN_64_TO_32_BIT_CONVERSION = YES;
				GCC_WARN_ABOUT_RETURN_TYPE = YES_ERROR;
				GCC_WARN_UNDECLARED_SELECTOR = YES;
				GCC_WARN_UNINITIALIZED_AUTOS = YES_AGGRESSIVE;
				GCC_WARN_UNUSED_FUNCTION = YES;
				GCC_WARN_UNUSED_VARIABLE = YES;
				IPHONEOS_DEPLOYMENT_TARGET = 12.0;
				MTL_ENABLE_DEBUG_INFO = INCLUDE_SOURCE;
				MTL_FAST_MATH = YES;
				ONLY_ACTIVE_ARCH = YES;
				SDKROOT = iphoneos;
				SWIFT_ACTIVE_COMPILATION_CONDITIONS = DEBUG;
				SWIFT_OPTIMIZATION_LEVEL = "-Onone";
			};
			name = Debug;
		};
		DF31C8A3217581DE004BD98E /* Release */ = {
			isa = XCBuildConfiguration;
			buildSettings = {
				ALWAYS_SEARCH_USER_PATHS = NO;
				CLANG_ANALYZER_NONNULL = YES;
				CLANG_ANALYZER_NUMBER_OBJECT_CONVERSION = YES_AGGRESSIVE;
				CLANG_CXX_LANGUAGE_STANDARD = "gnu++14";
				CLANG_CXX_LIBRARY = "libc++";
				CLANG_ENABLE_MODULES = YES;
				CLANG_ENABLE_OBJC_ARC = YES;
				CLANG_ENABLE_OBJC_WEAK = YES;
				CLANG_WARN_BLOCK_CAPTURE_AUTORELEASING = YES;
				CLANG_WARN_BOOL_CONVERSION = YES;
				CLANG_WARN_COMMA = YES;
				CLANG_WARN_CONSTANT_CONVERSION = YES;
				CLANG_WARN_DEPRECATED_OBJC_IMPLEMENTATIONS = YES;
				CLANG_WARN_DIRECT_OBJC_ISA_USAGE = YES_ERROR;
				CLANG_WARN_DOCUMENTATION_COMMENTS = YES;
				CLANG_WARN_EMPTY_BODY = YES;
				CLANG_WARN_ENUM_CONVERSION = YES;
				CLANG_WARN_INFINITE_RECURSION = YES;
				CLANG_WARN_INT_CONVERSION = YES;
				CLANG_WARN_NON_LITERAL_NULL_CONVERSION = YES;
				CLANG_WARN_OBJC_IMPLICIT_RETAIN_SELF = YES;
				CLANG_WARN_OBJC_LITERAL_CONVERSION = YES;
				CLANG_WARN_OBJC_ROOT_CLASS = YES_ERROR;
				CLANG_WARN_RANGE_LOOP_ANALYSIS = YES;
				CLANG_WARN_STRICT_PROTOTYPES = YES;
				CLANG_WARN_SUSPICIOUS_MOVE = YES;
				CLANG_WARN_UNGUARDED_AVAILABILITY = YES_AGGRESSIVE;
				CLANG_WARN_UNREACHABLE_CODE = YES;
				CLANG_WARN__DUPLICATE_METHOD_MATCH = YES;
				CODE_SIGN_IDENTITY = "iPhone Developer";
				COPY_PHASE_STRIP = NO;
				DEBUG_INFORMATION_FORMAT = "dwarf-with-dsym";
				ENABLE_NS_ASSERTIONS = NO;
				ENABLE_STRICT_OBJC_MSGSEND = YES;
				GCC_C_LANGUAGE_STANDARD = gnu11;
				GCC_NO_COMMON_BLOCKS = YES;
				GCC_WARN_64_TO_32_BIT_CONVERSION = YES;
				GCC_WARN_ABOUT_RETURN_TYPE = YES_ERROR;
				GCC_WARN_UNDECLARED_SELECTOR = YES;
				GCC_WARN_UNINITIALIZED_AUTOS = YES_AGGRESSIVE;
				GCC_WARN_UNUSED_FUNCTION = YES;
				GCC_WARN_UNUSED_VARIABLE = YES;
				IPHONEOS_DEPLOYMENT_TARGET = 12.0;
				MTL_ENABLE_DEBUG_INFO = NO;
				MTL_FAST_MATH = YES;
				SDKROOT = iphoneos;
				SWIFT_COMPILATION_MODE = wholemodule;
				SWIFT_OPTIMIZATION_LEVEL = "-O";
				VALIDATE_PRODUCT = YES;
			};
			name = Release;
		};
		DF31C8A5217581DE004BD98E /* Debug */ = {
			isa = XCBuildConfiguration;
			buildSettings = {
				ASSETCATALOG_COMPILER_APPICON_NAME = AppIcon;
				CODE_SIGN_STYLE = Automatic;
				DEVELOPMENT_TEAM = ANVJ832C4F;
				INFOPLIST_FILE = MarqueeBanner/Info.plist;
				IPHONEOS_DEPLOYMENT_TARGET = 10.0;
				LD_RUNPATH_SEARCH_PATHS = (
					"$(inherited)",
					"@executable_path/Frameworks",
				);
				PRODUCT_BUNDLE_IDENTIFIER = com.john.MarqueeBanner;
				PRODUCT_NAME = "$(TARGET_NAME)";
				SWIFT_VERSION = 4.2;
				TARGETED_DEVICE_FAMILY = 1;
			};
			name = Debug;
		};
		DF31C8A6217581DE004BD98E /* Release */ = {
			isa = XCBuildConfiguration;
			buildSettings = {
				ASSETCATALOG_COMPILER_APPICON_NAME = AppIcon;
				CODE_SIGN_STYLE = Automatic;
				DEVELOPMENT_TEAM = ANVJ832C4F;
				INFOPLIST_FILE = MarqueeBanner/Info.plist;
				IPHONEOS_DEPLOYMENT_TARGET = 10.0;
				LD_RUNPATH_SEARCH_PATHS = (
					"$(inherited)",
					"@executable_path/Frameworks",
				);
				PRODUCT_BUNDLE_IDENTIFIER = com.john.MarqueeBanner;
				PRODUCT_NAME = "$(TARGET_NAME)";
				SWIFT_VERSION = 4.2;
				TARGETED_DEVICE_FAMILY = 1;
			};
			name = Release;
		};
/* End XCBuildConfiguration section */

/* Begin XCConfigurationList section */
		DF31C88D217581D9004BD98E /* Build configuration list for PBXProject "MarqueeBanner" */ = {
			isa = XCConfigurationList;
			buildConfigurations = (
				DF31C8A2217581DE004BD98E /* Debug */,
				DF31C8A3217581DE004BD98E /* Release */,
			);
			defaultConfigurationIsVisible = 0;
			defaultConfigurationName = Release;
		};
		DF31C8A4217581DE004BD98E /* Build configuration list for PBXNativeTarget "MarqueeBanner" */ = {
			isa = XCConfigurationList;
			buildConfigurations = (
				DF31C8A5217581DE004BD98E /* Debug */,
				DF31C8A6217581DE004BD98E /* Release */,
			);
			defaultConfigurationIsVisible = 0;
			defaultConfigurationName = Release;
		};
/* End XCConfigurationList section */
	};
	rootObject = DF31C88A217581D9004BD98E /* Project object */;
}
